
Microsoft Visual Studio Solution File, Format Version 12.00
Project("{FAE04EC0-301F-11D3-BF4B-00C04F79EFBC}") = "MTK.Blazor", "MTK.Blazor\MTK.Blazor.csproj", "{30DE86B3-903A-4DCC-AB2F-CC7832B380C9}"
EndProject
Project("{FAE04EC0-301F-11D3-BF4B-00C04F79EFBC}") = "MTK.DemoApp", "MTK.DemoApp\MTK.DemoApp.csproj", "{8448DAF5-828D-4867-8A2F-66A0549E23A0}"
EndProject
Project("{FAE04EC0-301F-11D3-BF4B-00C04F79EFBC}") = "MTK.Core", "MTK.Core\MTK.Core.csproj", "{9E103159-2E02-422F-A95C-3BBE14660311}"
EndProject
Project("{FAE04EC0-301F-11D3-BF4B-00C04F79EFBC}") = "MTK.DemoApp.ViewModels", "MTK.DemoApp.ViewModels\MTK.DemoApp.ViewModels.csproj", "{C1A1538F-BCBB-4CD3-A385-873E90C77D9F}"
EndProject
Project("{2150E333-8FDC-42A3-9474-1A3956D46DE8}") = "Demo", "Demo", "{C5C1D857-BABA-4BDE-AE05-C11E7B12B036}"
EndProject
Project("{2150E333-8FDC-42A3-9474-1A3956D46DE8}") = "Source", "Source", "{4F37E20A-68BC-4C64-9E38-A24470BE658B}"
EndProject
Project("{2150E333-8FDC-42A3-9474-1A3956D46DE8}") = "Tests", "Tests", "{388D9E5D-9333-4796-B31B-347CEB6A704E}"
EndProject
Project("{FAE04EC0-301F-11D3-BF4B-00C04F79EFBC}") = "MTK.Blazor.Tests", "MTK.Blazor.Tests\MTK.Blazor.Tests.csproj", "{E90EC62C-9FB9-43B5-96EE-E757EDD7B4DD}"
EndProject
Project("{FAE04EC0-301F-11D3-BF4B-00C04F79EFBC}") = "MTK.Blazor.Generators", "MTK.Blazor.Generators\MTK.Blazor.Generators.csproj", "{2D04915B-2CDF-458D-9AFB-A0E4876CC609}"
EndProject
Global
	GlobalSection(SolutionConfigurationPlatforms) = preSolution
		Debug|Any CPU = Debug|Any CPU
		Release|Any CPU = Release|Any CPU
	EndGlobalSection
	GlobalSection(ProjectConfigurationPlatforms) = postSolution
		{30DE86B3-903A-4DCC-AB2F-CC7832B380C9}.Debug|Any CPU.ActiveCfg = Debug|Any CPU
		{30DE86B3-903A-4DCC-AB2F-CC7832B380C9}.Debug|Any CPU.Build.0 = Debug|Any CPU
		{30DE86B3-903A-4DCC-AB2F-CC7832B380C9}.Release|Any CPU.ActiveCfg = Release|Any CPU
		{30DE86B3-903A-4DCC-AB2F-CC7832B380C9}.Release|Any CPU.Build.0 = Release|Any CPU
		{8448DAF5-828D-4867-8A2F-66A0549E23A0}.Debug|Any CPU.ActiveCfg = Debug|Any CPU
		{8448DAF5-828D-4867-8A2F-66A0549E23A0}.Debug|Any CPU.Build.0 = Debug|Any CPU
		{8448DAF5-828D-4867-8A2F-66A0549E23A0}.Release|Any CPU.ActiveCfg = Release|Any CPU
		{8448DAF5-828D-4867-8A2F-66A0549E23A0}.Release|Any CPU.Build.0 = Release|Any CPU
		{9E103159-2E02-422F-A95C-3BBE14660311}.Debug|Any CPU.ActiveCfg = Debug|Any CPU
		{9E103159-2E02-422F-A95C-3BBE14660311}.Debug|Any CPU.Build.0 = Debug|Any CPU
		{9E103159-2E02-422F-A95C-3BBE14660311}.Release|Any CPU.ActiveCfg = Release|Any CPU
		{9E103159-2E02-422F-A95C-3BBE14660311}.Release|Any CPU.Build.0 = Release|Any CPU
		{C1A1538F-BCBB-4CD3-A385-873E90C77D9F}.Debug|Any CPU.ActiveCfg = Debug|Any CPU
		{C1A1538F-BCBB-4CD3-A385-873E90C77D9F}.Debug|Any CPU.Build.0 = Debug|Any CPU
		{C1A1538F-BCBB-4CD3-A385-873E90C77D9F}.Release|Any CPU.ActiveCfg = Release|Any CPU
		{C1A1538F-BCBB-4CD3-A385-873E90C77D9F}.Release|Any CPU.Build.0 = Release|Any CPU
		{E90EC62C-9FB9-43B5-96EE-E757EDD7B4DD}.Debug|Any CPU.ActiveCfg = Debug|Any CPU
		{E90EC62C-9FB9-43B5-96EE-E757EDD7B4DD}.Debug|Any CPU.Build.0 = Debug|Any CPU
		{E90EC62C-9FB9-43B5-96EE-E757EDD7B4DD}.Release|Any CPU.ActiveCfg = Release|Any CPU
		{E90EC62C-9FB9-43B5-96EE-E757EDD7B4DD}.Release|Any CPU.Build.0 = Release|Any CPU
		{2D04915B-2CDF-458D-9AFB-A0E4876CC609}.Debug|Any CPU.ActiveCfg = Debug|Any CPU
		{2D04915B-2CDF-458D-9AFB-A0E4876CC609}.Debug|Any CPU.Build.0 = Debug|Any CPU
		{2D04915B-2CDF-458D-9AFB-A0E4876CC609}.Release|Any CPU.ActiveCfg = Release|Any CPU
		{2D04915B-2CDF-458D-9AFB-A0E4876CC609}.Release|Any CPU.Build.0 = Release|Any CPU
	EndGlobalSection
	GlobalSection(NestedProjects) = preSolution
		{8448DAF5-828D-4867-8A2F-66A0549E23A0} = {C5C1D857-BABA-4BDE-AE05-C11E7B12B036}
		{C1A1538F-BCBB-4CD3-A385-873E90C77D9F} = {C5C1D857-BABA-4BDE-AE05-C11E7B12B036}
		{30DE86B3-903A-4DCC-AB2F-CC7832B380C9} = {4F37E20A-68BC-4C64-9E38-A24470BE658B}
		{9E103159-2E02-422F-A95C-3BBE14660311} = {4F37E20A-68BC-4C64-9E38-A24470BE658B}
		{E90EC62C-9FB9-43B5-96EE-E757EDD7B4DD} = {388D9E5D-9333-4796-B31B-347CEB6A704E}
		{2D04915B-2CDF-458D-9AFB-A0E4876CC609} = {4F37E20A-68BC-4C64-9E38-A24470BE658B}
	EndGlobalSection
EndGlobal
